{
  "name": "threejs-box3d-demo",
  "version": "0.1.0",
  "lockfileVersion": 3,
  "requires": true,
  "packages": {
    "": {
      "name": "threejs-box3d-demo",
      "version": "0.1.0",
      "license": "MIT",
      "dependencies": {
        "box3d-wasm": "^0.2.0",
        "three": "^0.178.0"
      }
    },
    "node_modules/box3d-wasm": {
      "version": "0.2.0",
      "resolved": "https://registry.npmjs.org/box3d-wasm/-/box3d-wasm-0.2.0.tgz",
      "integrity": "sha512-cvju1RYCTeChr+CUc2Sh+EsFaypP+6SSlNNSuf4Y3+e4nUFu1O25xQLZTBVUqp1+Wn4Xa2fA4cxrtLzLoWOk4A==",
      "license": "MIT",
      "engines": {
        "node": ">=22"
      }
    },
    "node_modules/three": {
      "version": "0.178.0",
      "resolved": "https://registry.npmjs.org/three/-/three-0.178.0.tgz",
      "integrity": "sha512-ybFIB0+x8mz0wnZgSGy2MO/WCO6xZhQSZnmfytSPyNpM0sBafGRVhdaj+erYh5U+RhQOAg/eXqw5uVDiM2BjhQ==",
      "license": "MIT"
    }
  }
}
